# THIS IS AN AUTOGENERATED FILE. DO NOT EDIT THIS FILE DIRECTLY.
# yarn lockfile v1


http@0.0.0:
  version "0.0.0"
  resolved "https://registry.yarnpkg.com/http/-/http-0.0.0.tgz#86e6326d29c5d039de9fac584a45689f929f4f72"
  integrity sha512-epOGLlKUFT+yxfK9TqXRe7l6CbOk7mbLvzVqAyI05w0xIn+nXcYo0vR4ZBCVJYOyUglOFwtaIbD3d2TmG5ejJQ==

"node-fps-hk@file:..":
  version "1.0.2"

qr-image@^3.2.0:
  version "3.2.0"
  resolved "https://registry.yarnpkg.com/qr-image/-/qr-image-3.2.0.tgz#9fa8295beae50c4a149cf9f909a1db464a8672e8"
  integrity sha512-rXKDS5Sx3YipVsqmlMJsJsk6jXylEpiHRC2+nJy66fxA5ExYyGa4PqwteW69SaVmAb2OQ18HbYriT7cGQMbduw==
